<?xml version="1.0" encoding="utf-8"?>
<Project ToolsVersion="4.0" xmlns="http://schemas.microsoft.com/developer/msbuild/2003">
  <ItemGroup>
    <Filter Include="Header Files">
      <UniqueIdentifier>{93995380-89BD-4b04-88EB-625FBE52EBFB}</UniqueIdentifier>
      <Extensions>h;hpp;hxx;hm;inl;inc;xsd</Extensions>
    </Filter>
    <Filter Include="Header Files">
      <UniqueIdentifier>{93995380-89BD-4b04-88EB-625FBE52EBFB}</UniqueIdentifier>
      <Extensions>h;hpp;hxx;hm;inl;inc;xsd</Extensions>
    </Filter>
    <Filter Include="Source Files">
      <UniqueIdentifier>{4FC737F1-C7A5-4376-A066-2A32D752A2FF}</UniqueIdentifier>
      <Extensions>cpp;c;cxx;def;odl;idl;hpj;bat;asm;asmx</Extensions>
    </Filter>
    <Filter Include="Source Files">
      <UniqueIdentifier>{4FC737F1-C7A5-4376-A066-2A32D752A2FF}</UniqueIdentifier>
      <Extensions>cpp;c;cxx;def;odl;idl;hpj;bat;asm;asmx</Extensions>
    </Filter>
  </ItemGroup>
  <ItemGroup>
    <ClCompile Include="AcquireTokenForClientHandler.cpp">
      <Filter>Source Files</Filter>
    </ClCompile>
    <ClCompile Include="AcquireTokenHandlerBase.cpp">
      <Filter>Source Files</Filter>
    </ClCompile>
    <ClCompile Include="AcquireTokenInteractiveHandler.cpp">
      <Filter>Source Files</Filter>
    </ClCompile>
    <ClCompile Include="AcquireTokenNonInteractiveHandler.cpp">
      <Filter>Source Files</Filter>
    </ClCompile>
    <ClCompile Include="AcquireTokenNonInteractiveHandlerQt.cpp">
      <Filter>Source Files</Filter>
    </ClCompile>
    <ClCompile Include="AuthenticationContext.cpp">
      <Filter>Source Files</Filter>
    </ClCompile>
    <ClCompile Include="AuthenticationResult.cpp">
      <Filter>Source Files</Filter>
    </ClCompile>
    <ClCompile Include="AuthenticationResultQt.cpp">
      <Filter>Source Files</Filter>
    </ClCompile>
    <ClCompile Include="Authenticator.cpp">
      <Filter>Source Files</Filter>
    </ClCompile>
    <ClCompile Include="AuthenticatorTemplate.cpp">
      <Filter>Source Files</Filter>
    </ClCompile>
    <ClCompile Include="AuthenticatorTemplateList.cpp">
      <Filter>Source Files</Filter>
    </ClCompile>
    <ClCompile Include="AuthenticatorTemplateQt.cpp">
      <Filter>Source Files</Filter>
    </ClCompile>
    <ClCompile Include="CallState.cpp">
      <Filter>Source Files</Filter>
    </ClCompile>
    <ClCompile Include="ClientAssertion.cpp">
      <Filter>Source Files</Filter>
    </ClCompile>
    <ClCompile Include="ClientAssertionCertificate.cpp">
      <Filter>Source Files</Filter>
    </ClCompile>
    <ClCompile Include="ClientCredential.cpp">
      <Filter>Source Files</Filter>
    </ClCompile>
    <ClCompile Include="ClientKey.cpp">
      <Filter>Source Files</Filter>
    </ClCompile>
    <ClCompile Include="DateTime.cpp">
      <Filter>Source Files</Filter>
    </ClCompile>
    <ClCompile Include="DateTimeQt.cpp">
      <Filter>Source Files</Filter>
    </ClCompile>
    <ClCompile Include="FileCacheEncrypted.cpp">
      <Filter>Source Files</Filter>
    </ClCompile>
    <ClCompile Include="FileCacheQt.cpp">
      <Filter>Source Files</Filter>
    </ClCompile>
    <ClCompile Include="Guid.cpp">
      <Filter>Source Files</Filter>
    </ClCompile>
    <ClCompile Include="GuidQt.cpp">
      <Filter>Source Files</Filter>
    </ClCompile>
    <ClCompile Include="HttpHelperQt.cpp">
      <Filter>Source Files</Filter>
    </ClCompile>
    <ClCompile Include="IRMSAuthEnvironment.cpp">
      <Filter>Source Files</Filter>
    </ClCompile>
    <ClCompile Include="IRMSAuthEnvironmentImpl.cpp">
      <Filter>Source Files</Filter>
    </ClCompile>
    <ClCompile Include="IWebUI.cpp">
      <Filter>Source Files</Filter>
    </ClCompile>
    <ClCompile Include="JsonUtilsQt.cpp">
      <Filter>Source Files</Filter>
    </ClCompile>
    <ClCompile Include="Logger.cpp">
      <Filter>Source Files</Filter>
    </ClCompile>
    <ClCompile Include="LoggerImplQt.cpp">
      <Filter>Source Files</Filter>
    </ClCompile>
    <ClCompile Include="OAuth2ResponseQt.cpp">
      <Filter>Source Files</Filter>
    </ClCompile>
    <ClCompile Include="RequestParameters.cpp">
      <Filter>Source Files</Filter>
    </ClCompile>
    <ClCompile Include="RequestParametersQt.cpp">
      <Filter>Source Files</Filter>
    </ClCompile>
    <ClCompile Include="RmsauthIdHelper.cpp">
      <Filter>Source Files</Filter>
    </ClCompile>
    <ClCompile Include="RmsauthIdHelperQt.cpp">
      <Filter>Source Files</Filter>
    </ClCompile>
    <ClCompile Include="TokenCache.cpp">
      <Filter>Source Files</Filter>
    </ClCompile>
    <ClCompile Include="TokenCacheItem.cpp">
      <Filter>Source Files</Filter>
    </ClCompile>
    <ClCompile Include="TokenCacheKey.cpp">
      <Filter>Source Files</Filter>
    </ClCompile>
    <ClCompile Include="TokenCacheQt.cpp">
      <Filter>Source Files</Filter>
    </ClCompile>
    <ClCompile Include="Url.cpp">
      <Filter>Source Files</Filter>
    </ClCompile>
    <ClCompile Include="UrlQt.cpp">
      <Filter>Source Files</Filter>
    </ClCompile>
    <ClCompile Include="UserAssertion.cpp">
      <Filter>Source Files</Filter>
    </ClCompile>
    <ClCompile Include="UserCredential.cpp">
      <Filter>Source Files</Filter>
    </ClCompile>
    <ClCompile Include="UserIdentifier.cpp">
      <Filter>Source Files</Filter>
    </ClCompile>
    <ClCompile Include="UserInfoQt.cpp">
      <Filter>Source Files</Filter>
    </ClCompile>
    <ClCompile Include="UserRealmDiscoveryResponseQt.cpp">
      <Filter>Source Files</Filter>
    </ClCompile>
    <ClCompile Include="WebUIQt.cpp">
      <Filter>Source Files</Filter>
    </ClCompile>
    <ClCompile Include="utils.cpp">
      <Filter>Source Files</Filter>
    </ClCompile>
    <ClCompile Include="utilsQt.cpp">
      <Filter>Source Files</Filter>
    </ClCompile>
  </ItemGroup>
  <ItemGroup>
    <ClInclude Include="rmsauth\AcquireTokenForClientHandler.h">
      <Filter>Header Files</Filter>
    </ClInclude>
    <ClInclude Include="rmsauth\AcquireTokenHandlerBase.h">
      <Filter>Header Files</Filter>
    </ClInclude>
    <ClInclude Include="rmsauth\AcquireTokenInteractiveHandler.h">
      <Filter>Header Files</Filter>
    </ClInclude>
    <ClInclude Include="rmsauth\AcquireTokenNonInteractiveHandler.h">
      <Filter>Header Files</Filter>
    </ClInclude>
    <ClInclude Include="rmsauth\AuthenticationContext.h">
      <Filter>Header Files</Filter>
    </ClInclude>
    <ClInclude Include="rmsauth\AuthenticationResult.h">
      <Filter>Header Files</Filter>
    </ClInclude>
    <ClInclude Include="rmsauth\Authenticator.h">
      <Filter>Header Files</Filter>
    </ClInclude>
    <ClInclude Include="rmsauth\AuthenticatorTemplate.h">
      <Filter>Header Files</Filter>
    </ClInclude>
    <ClInclude Include="rmsauth\AuthenticatorTemplateList.h">
      <Filter>Header Files</Filter>
    </ClInclude>
    <ClInclude Include="rmsauth\AuthorityType.h">
      <Filter>Header Files</Filter>
    </ClInclude>
    <ClInclude Include="rmsauth\AuthorizationResult.h">
      <Filter>Header Files</Filter>
    </ClInclude>
    <ClInclude Include="rmsauth\CallState.h">
      <Filter>Header Files</Filter>
    </ClInclude>
    <ClInclude Include="rmsauth\ClientAssertion.h">
      <Filter>Header Files</Filter>
    </ClInclude>
    <ClInclude Include="rmsauth\ClientAssertionCertificate.h">
      <Filter>Header Files</Filter>
    </ClInclude>
    <ClInclude Include="rmsauth\ClientCredential.h">
      <Filter>Header Files</Filter>
    </ClInclude>
    <ClInclude Include="rmsauth\ClientKey.h">
      <Filter>Header Files</Filter>
    </ClInclude>
    <ClInclude Include="rmsauth\Constants.h">
      <Filter>Header Files</Filter>
    </ClInclude>
    <ClInclude Include="rmsauth\DateTime.h">
      <Filter>Header Files</Filter>
    </ClInclude>
    <ClInclude Include="DateTimeQt.h">
      <Filter>Header Files</Filter>
    </ClInclude>
    <ClInclude Include="rmsauth\Entities.h">
      <Filter>Header Files</Filter>
    </ClInclude>
    <ClInclude Include="rmsauth\Exceptions.h">
      <Filter>Header Files</Filter>
    </ClInclude>
    <ClInclude Include="rmsauth\FileCache.h">
      <Filter>Header Files</Filter>
    </ClInclude>
    <ClInclude Include="rmsauth\FileCacheEncrypted.h">
      <Filter>Header Files</Filter>
    </ClInclude>
    <ClInclude Include="rmsauth\Guid.h">
      <Filter>Header Files</Filter>
    </ClInclude>
    <ClInclude Include="GuidQt.h">
      <Filter>Header Files</Filter>
    </ClInclude>
    <ClInclude Include="rmsauth\HttpHelper.h">
      <Filter>Header Files</Filter>
    </ClInclude>
    <ClInclude Include="HttpHelperQt.h">
      <Filter>Header Files</Filter>
    </ClInclude>
    <ClInclude Include="rmsauth\IRMSAuthEnvironment.h">
      <Filter>Header Files</Filter>
    </ClInclude>
    <ClInclude Include="rmsauth\IRMSAuthEnvironmentImpl.h">
      <Filter>Header Files</Filter>
    </ClInclude>
    <ClInclude Include="rmsauth\IWebUI.h">
      <Filter>Header Files</Filter>
    </ClInclude>
    <ClInclude Include="JsonUtilsQt.h">
      <Filter>Header Files</Filter>
    </ClInclude>
    <ClInclude Include="rmsauth\Logger.h">
      <Filter>Header Files</Filter>
    </ClInclude>
    <ClInclude Include="rmsauth\OAuth2Response.h">
      <Filter>Header Files</Filter>
    </ClInclude>
    <ClInclude Include="rmsauth\OAuthConstants.h">
      <Filter>Header Files</Filter>
    </ClInclude>
    <ClInclude Include="rmsauth\RequestParameters.h">
      <Filter>Header Files</Filter>
    </ClInclude>
    <ClInclude Include="rmsauth\RmsauthIdHelper.h">
      <Filter>Header Files</Filter>
    </ClInclude>
    <ClInclude Include="rmsauth\TokenCache.h">
      <Filter>Header Files</Filter>
    </ClInclude>
    <ClInclude Include="rmsauth\TokenCacheItem.h">
      <Filter>Header Files</Filter>
    </ClInclude>
    <ClInclude Include="rmsauth\TokenCacheKey.h">
      <Filter>Header Files</Filter>
    </ClInclude>
    <ClInclude Include="rmsauth\TokenCacheNotificationArgs.h">
      <Filter>Header Files</Filter>
    </ClInclude>
    <ClInclude Include="rmsauth\TokenSubjectType.h">
      <Filter>Header Files</Filter>
    </ClInclude>
    <ClInclude Include="rmsauth\Url.h">
      <Filter>Header Files</Filter>
    </ClInclude>
    <ClInclude Include="UrlQt.h">
      <Filter>Header Files</Filter>
    </ClInclude>
    <ClInclude Include="rmsauth\UserAssertion.h">
      <Filter>Header Files</Filter>
    </ClInclude>
    <ClInclude Include="rmsauth\UserCredential.h">
      <Filter>Header Files</Filter>
    </ClInclude>
    <ClInclude Include="rmsauth\UserIdentifier.h">
      <Filter>Header Files</Filter>
    </ClInclude>
    <ClInclude Include="rmsauth\UserInfo.h">
      <Filter>Header Files</Filter>
    </ClInclude>
    <ClInclude Include="rmsauth\UserRealmDiscoveryResponse.h">
      <Filter>Header Files</Filter>
    </ClInclude>
    <ClInclude Include="rmsauth\rmsauthExport.h">
      <Filter>Header Files</Filter>
    </ClInclude>
    <ClInclude Include="rmsauth\types.h">
      <Filter>Header Files</Filter>
    </ClInclude>
    <ClInclude Include="rmsauth\utils.h">
      <Filter>Header Files</Filter>
    </ClInclude>
  </ItemGroup>
</Project>