<?xml version="1.0" encoding="utf-8"?>
<Project ToolsVersion="4.0" xmlns="http://schemas.microsoft.com/developer/msbuild/2003">
  <ItemGroup>
    <Filter Include="Header Files">
      <UniqueIdentifier>{93995380-89BD-4b04-88EB-625FBE52EBFB}</UniqueIdentifier>
      <Extensions>h;hpp;hxx;hm;inl;inc;xsd</Extensions>
    </Filter>
    <Filter Include="Header Files">
      <UniqueIdentifier>{93995380-89BD-4b04-88EB-625FBE52EBFB}</UniqueIdentifier>
      <Extensions>h;hpp;hxx;hm;inl;inc;xsd</Extensions>
    </Filter>
    <Filter Include="Source Files">
      <UniqueIdentifier>{4FC737F1-C7A5-4376-A066-2A32D752A2FF}</UniqueIdentifier>
      <Extensions>cpp;c;cxx;def;odl;idl;hpj;bat;asm;asmx</Extensions>
    </Filter>
    <Filter Include="Source Files">
      <UniqueIdentifier>{4FC737F1-C7A5-4376-A066-2A32D752A2FF}</UniqueIdentifier>
      <Extensions>cpp;c;cxx;def;odl;idl;hpj;bat;asm;asmx</Extensions>
    </Filter>
  </ItemGroup>
  <ItemGroup>
    <ClCompile Include="AuthenticationHandler.cpp">
      <Filter>Source Files</Filter>
    </ClCompile>
    <ClCompile Include="CXMLUtils.cpp">
      <Filter>Source Files</Filter>
    </ClCompile>
    <ClCompile Include="DnsClientResult.cpp">
      <Filter>Source Files</Filter>
    </ClCompile>
    <ClCompile Include="DnsLookupClient.cpp">
      <Filter>Source Files</Filter>
    </ClCompile>
    <ClCompile Include="Domain.cpp">
      <Filter>Source Files</Filter>
    </ClCompile>
    <ClCompile Include="LicenseParser.cpp">
      <Filter>Source Files</Filter>
    </ClCompile>
    <ClCompile Include="PublishClient.cpp">
      <Filter>Source Files</Filter>
    </ClCompile>
    <ClCompile Include="RestClientCache.cpp">
      <Filter>Source Files</Filter>
    </ClCompile>
    <ClCompile Include="RestClientErrorHandling.cpp">
      <Filter>Source Files</Filter>
    </ClCompile>
    <ClCompile Include="RestHttpClient.cpp">
      <Filter>Source Files</Filter>
    </ClCompile>
    <ClCompile Include="RestServiceUrlClient.cpp">
      <Filter>Source Files</Filter>
    </ClCompile>
    <ClCompile Include="RestServiceUrls.cpp">
      <Filter>Source Files</Filter>
    </ClCompile>
    <ClCompile Include="ServiceDiscoveryClient.cpp">
      <Filter>Source Files</Filter>
    </ClCompile>
    <ClCompile Include="TemplatesClient.cpp">
      <Filter>Source Files</Filter>
    </ClCompile>
    <ClCompile Include="UsageRestrictionsClient.cpp">
      <Filter>Source Files</Filter>
    </ClCompile>
  </ItemGroup>
  <ItemGroup>
    <ClInclude Include="AuthenticationHandler.h">
      <Filter>Header Files</Filter>
    </ClInclude>
    <ClInclude Include="CLCCacheResult.h">
      <Filter>Header Files</Filter>
    </ClInclude>
    <ClInclude Include="CXMLUtils.h">
      <Filter>Header Files</Filter>
    </ClInclude>
    <ClInclude Include="DnsClientResult.h">
      <Filter>Header Files</Filter>
    </ClInclude>
    <ClInclude Include="DnsLookupClient.h">
      <Filter>Header Files</Filter>
    </ClInclude>
    <ClInclude Include="Domain.h">
      <Filter>Header Files</Filter>
    </ClInclude>
    <ClInclude Include="IDnsLookupClient.h">
      <Filter>Header Files</Filter>
    </ClInclude>
    <ClInclude Include="IPublishClient.h">
      <Filter>Header Files</Filter>
    </ClInclude>
    <ClInclude Include="IRestClientCache.h">
      <Filter>Header Files</Filter>
    </ClInclude>
    <ClInclude Include="IRestServiceUrlClient.h">
      <Filter>Header Files</Filter>
    </ClInclude>
    <ClInclude Include="IServiceDiscoveryClient.h">
      <Filter>Header Files</Filter>
    </ClInclude>
    <ClInclude Include="ITemplatesClient.h">
      <Filter>Header Files</Filter>
    </ClInclude>
    <ClInclude Include="IUsageRestrictionsClient.h">
      <Filter>Header Files</Filter>
    </ClInclude>
    <ClInclude Include="LicenseParser.h">
      <Filter>Header Files</Filter>
    </ClInclude>
    <ClInclude Include="PublishClient.h">
      <Filter>Header Files</Filter>
    </ClInclude>
    <ClInclude Include="RestClientCache.h">
      <Filter>Header Files</Filter>
    </ClInclude>
    <ClInclude Include="RestClientErrorHandling.h">
      <Filter>Header Files</Filter>
    </ClInclude>
    <ClInclude Include="RestHttpClient.h">
      <Filter>Header Files</Filter>
    </ClInclude>
    <ClInclude Include="RestObjects.h">
      <Filter>Header Files</Filter>
    </ClInclude>
    <ClInclude Include="RestServiceUrlClient.h">
      <Filter>Header Files</Filter>
    </ClInclude>
    <ClInclude Include="RestServiceUrls.h">
      <Filter>Header Files</Filter>
    </ClInclude>
    <ClInclude Include="ServiceDiscoveryClient.h">
      <Filter>Header Files</Filter>
    </ClInclude>
    <ClInclude Include="ServiceDiscoveryDetails.h">
      <Filter>Header Files</Filter>
    </ClInclude>
    <ClInclude Include="TemplatesClient.h">
      <Filter>Header Files</Filter>
    </ClInclude>
    <ClInclude Include="UsageRestrictionsClient.h">
      <Filter>Header Files</Filter>
    </ClInclude>
  </ItemGroup>
</Project>