<?xml version="1.0" encoding="utf-8"?>
<Project ToolsVersion="4.0" xmlns="http://schemas.microsoft.com/developer/msbuild/2003">
  <ItemGroup>
    <Filter Include="Header Files">
      <UniqueIdentifier>{93995380-89BD-4b04-88EB-625FBE52EBFB}</UniqueIdentifier>
      <Extensions>h;hpp;hxx;hm;inl;inc;xsd</Extensions>
    </Filter>
    <Filter Include="Header Files">
      <UniqueIdentifier>{93995380-89BD-4b04-88EB-625FBE52EBFB}</UniqueIdentifier>
      <Extensions>h;hpp;hxx;hm;inl;inc;xsd</Extensions>
    </Filter>
    <Filter Include="Source Files">
      <UniqueIdentifier>{4FC737F1-C7A5-4376-A066-2A32D752A2FF}</UniqueIdentifier>
      <Extensions>cpp;c;cxx;def;odl;idl;hpj;bat;asm;asmx</Extensions>
    </Filter>
    <Filter Include="Source Files">
      <UniqueIdentifier>{4FC737F1-C7A5-4376-A066-2A32D752A2FF}</UniqueIdentifier>
      <Extensions>cpp;c;cxx;def;odl;idl;hpj;bat;asm;asmx</Extensions>
    </Filter>
  </ItemGroup>
  <ItemGroup>
    <ClCompile Include="ConsentCallbackImpl.cpp">
      <Filter>Source Files</Filter>
    </ClCompile>
    <ClCompile Include="CustomProtectedStream.cpp">
      <Filter>Source Files</Filter>
    </ClCompile>
    <ClCompile Include="HttpHelper.cpp">
      <Filter>Source Files</Filter>
    </ClCompile>
    <ClCompile Include="IRMSEnvironment.cpp">
      <Filter>Source Files</Filter>
    </ClCompile>
    <ClCompile Include="PolicyDescriptor.cpp">
      <Filter>Source Files</Filter>
    </ClCompile>
    <ClCompile Include="ProtectedFileStream.cpp">
      <Filter>Source Files</Filter>
    </ClCompile>
    <ClCompile Include="ext\QTStreamImpl.cpp">
      <Filter>Source Files</Filter>
    </ClCompile>
    <ClCompile Include="TemplateDescriptor.cpp">
      <Filter>Source Files</Filter>
    </ClCompile>
    <ClCompile Include="UserPolicy.cpp">
      <Filter>Source Files</Filter>
    </ClCompile>
  </ItemGroup>
  <ItemGroup>
    <ClInclude Include="AuthenticationCallbackImpl.h">
      <Filter>Header Files</Filter>
    </ClInclude>
    <ClInclude Include="AuthenticationParameters.h">
      <Filter>Header Files</Filter>
    </ClInclude>
    <ClInclude Include="CacheControl.h">
      <Filter>Header Files</Filter>
    </ClInclude>
    <ClInclude Include="ConsentCallbackImpl.h">
      <Filter>Header Files</Filter>
    </ClInclude>
    <ClInclude Include="ConsentResult.h">
      <Filter>Header Files</Filter>
    </ClInclude>
    <ClInclude Include="ConsentType.h">
      <Filter>Header Files</Filter>
    </ClInclude>
    <ClInclude Include="CustomProtectedStream.h">
      <Filter>Header Files</Filter>
    </ClInclude>
    <ClInclude Include="HttpHelper.h">
      <Filter>Header Files</Filter>
    </ClInclude>
    <ClInclude Include="IAuthenticationCallback.h">
      <Filter>Header Files</Filter>
    </ClInclude>
    <ClInclude Include="IAuthenticationCallbackImpl.h">
      <Filter>Header Files</Filter>
    </ClInclude>
    <ClInclude Include="IConsent.h">
      <Filter>Header Files</Filter>
    </ClInclude>
    <ClInclude Include="IConsentCallback.h">
      <Filter>Header Files</Filter>
    </ClInclude>
    <ClInclude Include="IConsentCallbackImpl.h">
      <Filter>Header Files</Filter>
    </ClInclude>
    <ClInclude Include="IRMSEnvironment.h">
      <Filter>Header Files</Filter>
    </ClInclude>
    <ClInclude Include="ModernAPIExport.h">
      <Filter>Header Files</Filter>
    </ClInclude>
    <ClInclude Include="PolicyDescriptor.h">
      <Filter>Header Files</Filter>
    </ClInclude>
    <ClInclude Include="ProtectedFileStream.h">
      <Filter>Header Files</Filter>
    </ClInclude>
    <ClInclude Include="ext\QTStreamImpl.h">
      <Filter>Header Files</Filter>
    </ClInclude>
    <ClInclude Include="RMSExceptions.h">
      <Filter>Header Files</Filter>
    </ClInclude>
    <ClInclude Include="Roles.h">
      <Filter>Header Files</Filter>
    </ClInclude>
    <ClInclude Include="TemplateDescriptor.h">
      <Filter>Header Files</Filter>
    </ClInclude>
    <ClInclude Include="UserPolicy.h">
      <Filter>Header Files</Filter>
    </ClInclude>
    <ClInclude Include="UserRights.h">
      <Filter>Header Files</Filter>
    </ClInclude>
    <ClInclude Include="UserRoles.h">
      <Filter>Header Files</Filter>
    </ClInclude>
    <ClInclude Include="rights.h">
      <Filter>Header Files</Filter>
    </ClInclude>
  </ItemGroup>
</Project>