Microsoft Visual Studio Solution File, Format Version 12.00
# Visual Studio 2015
Project("{8BC9CEB8-8B4A-11D0-8D11-00A0C91BC942}") = "modcommon", "C:/Users/t-joanto/sdk_update/rms-sdk-for-cpp/sdk/rms_sdk/Common\modcommon.vcxproj", "{EA10AC88-E054-3E6F-B74E-9D194673DD2A}"
EndProject
Project("{8BC9CEB8-8B4A-11D0-8D11-00A0C91BC942}") = "modconsent", "C:/Users/t-joanto/sdk_update/rms-sdk-for-cpp/sdk/rms_sdk/Consent\modconsent.vcxproj", "{0D4D5D75-382C-333B-A0DB-2C45D685CA8E}"
EndProject
Project("{8BC9CEB8-8B4A-11D0-8D11-00A0C91BC942}") = "modcore", "C:/Users/t-joanto/sdk_update/rms-sdk-for-cpp/sdk/rms_sdk/Core\modcore.vcxproj", "{992F85C6-1102-32DD-A796-C5EDD9A4940E}"
EndProject
Project("{8BC9CEB8-8B4A-11D0-8D11-00A0C91BC942}") = "modjson", "C:/Users/t-joanto/sdk_update/rms-sdk-for-cpp/sdk/rms_sdk/Json\modjson.vcxproj", "{DAB840FF-DFC8-3EE5-A580-F8B33F26AC9D}"
EndProject
Project("{8BC9CEB8-8B4A-11D0-8D11-00A0C91BC942}") = "rms", "C:/Users/t-joanto/sdk_update/rms-sdk-for-cpp/sdk/rms_sdk/ModernAPI\rms.vcxproj", "{3293B9B2-78C2-3B6D-991F-C27A9EE51DB2}"
	ProjectSection(ProjectDependencies) = postProject
		{4ACE8B4A-99D7-3AAE-B236-3B7814BCDAF3} = {4ACE8B4A-99D7-3AAE-B236-3B7814BCDAF3}
		{992F85C6-1102-32DD-A796-C5EDD9A4940E} = {992F85C6-1102-32DD-A796-C5EDD9A4940E}
		{B1076B5F-ABA3-3608-B813-2C30DB443F1B} = {B1076B5F-ABA3-3608-B813-2C30DB443F1B}
		{0D4D5D75-382C-333B-A0DB-2C45D685CA8E} = {0D4D5D75-382C-333B-A0DB-2C45D685CA8E}
		{EA10AC88-E054-3E6F-B74E-9D194673DD2A} = {EA10AC88-E054-3E6F-B74E-9D194673DD2A}
		{DAB840FF-DFC8-3EE5-A580-F8B33F26AC9D} = {DAB840FF-DFC8-3EE5-A580-F8B33F26AC9D}
		{6A067896-CF73-3255-B4F9-DB166146628D} = {6A067896-CF73-3255-B4F9-DB166146628D}
		{31EED072-74E3-31D7-9623-144E9556FD04} = {31EED072-74E3-31D7-9623-144E9556FD04}
		{F5B246DC-97BF-3FE0-9308-5314C336EEF6} = {F5B246DC-97BF-3FE0-9308-5314C336EEF6}
		{EB88C770-BC6B-308B-85D1-37E8BEAB83A3} = {EB88C770-BC6B-308B-85D1-37E8BEAB83A3}
		{DCF47068-8FDF-3227-BC3E-FA6930156EB9} = {DCF47068-8FDF-3227-BC3E-FA6930156EB9}
		{6264D059-0310-368A-893F-ABA0991F6F6B} = {6264D059-0310-368A-893F-ABA0991F6F6B}
	EndProjectSection
EndProject
Project("{8BC9CEB8-8B4A-11D0-8D11-00A0C91BC942}") = "modprotectedfile", "C:/Users/t-joanto/sdk_update/rms-sdk-for-cpp/sdk/rms_sdk/PFile\modprotectedfile.vcxproj", "{4ACE8B4A-99D7-3AAE-B236-3B7814BCDAF3}"
EndProject
Project("{8BC9CEB8-8B4A-11D0-8D11-00A0C91BC942}") = "platformhttp", "C:/Users/t-joanto/sdk_update/rms-sdk-for-cpp/sdk/rms_sdk/Platform/Http\platformhttp.vcxproj", "{6A067896-CF73-3255-B4F9-DB166146628D}"
EndProject
Project("{8BC9CEB8-8B4A-11D0-8D11-00A0C91BC942}") = "platformfilesystem", "C:/Users/t-joanto/sdk_update/rms-sdk-for-cpp/sdk/rms_sdk/Platform/Filesystem\platformfilesystem.vcxproj", "{DCF47068-8FDF-3227-BC3E-FA6930156EB9}"
EndProject
Project("{8BC9CEB8-8B4A-11D0-8D11-00A0C91BC942}") = "platformjson", "C:/Users/t-joanto/sdk_update/rms-sdk-for-cpp/sdk/rms_sdk/Platform/Json\platformjson.vcxproj", "{EB88C770-BC6B-308B-85D1-37E8BEAB83A3}"
EndProject
Project("{8BC9CEB8-8B4A-11D0-8D11-00A0C91BC942}") = "platformsettings", "C:/Users/t-joanto/sdk_update/rms-sdk-for-cpp/sdk/rms_sdk/Platform/Settings\platformsettings.vcxproj", "{6264D059-0310-368A-893F-ABA0991F6F6B}"
EndProject
Project("{8BC9CEB8-8B4A-11D0-8D11-00A0C91BC942}") = "platformxml", "C:/Users/t-joanto/sdk_update/rms-sdk-for-cpp/sdk/rms_sdk/Platform/Xml\platformxml.vcxproj", "{F5B246DC-97BF-3FE0-9308-5314C336EEF6}"
EndProject
Project("{8BC9CEB8-8B4A-11D0-8D11-00A0C91BC942}") = "platformlogger", "C:/Users/t-joanto/sdk_update/rms-sdk-for-cpp/sdk/rms_sdk/Platform/Logger\platformlogger.vcxproj", "{31EED072-74E3-31D7-9623-144E9556FD04}"
EndProject
Project("{8BC9CEB8-8B4A-11D0-8D11-00A0C91BC942}") = "modrestclients", "C:/Users/t-joanto/sdk_update/rms-sdk-for-cpp/sdk/rms_sdk/RestClients\modrestclients.vcxproj", "{B1076B5F-ABA3-3608-B813-2C30DB443F1B}"
EndProject
Project("{8BC9CEB8-8B4A-11D0-8D11-00A0C91BC942}") = "rmsplatformUnitTests", "C:/Users/t-joanto/sdk_update/rms-sdk-for-cpp/sdk/rms_sdk/UnitTests/platform_ut\rmsplatformUnitTests.vcxproj", "{222AA649-DE28-3E5F-AB6F-D9E02B3DBAF8}"
	ProjectSection(ProjectDependencies) = postProject
		{6A067896-CF73-3255-B4F9-DB166146628D} = {6A067896-CF73-3255-B4F9-DB166146628D}
		{31EED072-74E3-31D7-9623-144E9556FD04} = {31EED072-74E3-31D7-9623-144E9556FD04}
		{F5B246DC-97BF-3FE0-9308-5314C336EEF6} = {F5B246DC-97BF-3FE0-9308-5314C336EEF6}
		{EB88C770-BC6B-308B-85D1-37E8BEAB83A3} = {EB88C770-BC6B-308B-85D1-37E8BEAB83A3}
		{DCF47068-8FDF-3227-BC3E-FA6930156EB9} = {DCF47068-8FDF-3227-BC3E-FA6930156EB9}
		{6264D059-0310-368A-893F-ABA0991F6F6B} = {6264D059-0310-368A-893F-ABA0991F6F6B}
	EndProjectSection
EndProject
Project("{8BC9CEB8-8B4A-11D0-8D11-00A0C91BC942}") = "RestClientsUnitTests", "C:/Users/t-joanto/sdk_update/rms-sdk-for-cpp/sdk/rms_sdk/UnitTests/rest_clients_ut\RestClientsUnitTests.vcxproj", "{28FEC771-3123-3B60-B2A1-531B140CD991}"
	ProjectSection(ProjectDependencies) = postProject
		{4ACE8B4A-99D7-3AAE-B236-3B7814BCDAF3} = {4ACE8B4A-99D7-3AAE-B236-3B7814BCDAF3}
		{992F85C6-1102-32DD-A796-C5EDD9A4940E} = {992F85C6-1102-32DD-A796-C5EDD9A4940E}
		{B1076B5F-ABA3-3608-B813-2C30DB443F1B} = {B1076B5F-ABA3-3608-B813-2C30DB443F1B}
		{0D4D5D75-382C-333B-A0DB-2C45D685CA8E} = {0D4D5D75-382C-333B-A0DB-2C45D685CA8E}
		{EA10AC88-E054-3E6F-B74E-9D194673DD2A} = {EA10AC88-E054-3E6F-B74E-9D194673DD2A}
		{DAB840FF-DFC8-3EE5-A580-F8B33F26AC9D} = {DAB840FF-DFC8-3EE5-A580-F8B33F26AC9D}
		{6A067896-CF73-3255-B4F9-DB166146628D} = {6A067896-CF73-3255-B4F9-DB166146628D}
		{31EED072-74E3-31D7-9623-144E9556FD04} = {31EED072-74E3-31D7-9623-144E9556FD04}
		{F5B246DC-97BF-3FE0-9308-5314C336EEF6} = {F5B246DC-97BF-3FE0-9308-5314C336EEF6}
		{EB88C770-BC6B-308B-85D1-37E8BEAB83A3} = {EB88C770-BC6B-308B-85D1-37E8BEAB83A3}
		{DCF47068-8FDF-3227-BC3E-FA6930156EB9} = {DCF47068-8FDF-3227-BC3E-FA6930156EB9}
		{6264D059-0310-368A-893F-ABA0991F6F6B} = {6264D059-0310-368A-893F-ABA0991F6F6B}
		{3293B9B2-78C2-3B6D-991F-C27A9EE51DB2} = {3293B9B2-78C2-3B6D-991F-C27A9EE51DB2}
	EndProjectSection
EndProject
Global
	GlobalSection(SolutionConfigurationPlatforms) = preSolution
		Debug|Win32 = Debug|Win32
		Release|Win32 = Release|Win32
	EndGlobalSection
	GlobalSection(ProjectConfigurationPlatforms) = postSolution
		{EA10AC88-E054-3E6F-B74E-9D194673DD2A}.Debug|Win32.ActiveCfg = Debug|Win32
		{EA10AC88-E054-3E6F-B74E-9D194673DD2A}.Debug|Win32.Build.0 = Debug|Win32
		{EA10AC88-E054-3E6F-B74E-9D194673DD2A}.Release|Win32.ActiveCfg = Release|Win32
		{EA10AC88-E054-3E6F-B74E-9D194673DD2A}.Release|Win32.Build.0 = Release|Win32
		{0D4D5D75-382C-333B-A0DB-2C45D685CA8E}.Debug|Win32.ActiveCfg = Debug|Win32
		{0D4D5D75-382C-333B-A0DB-2C45D685CA8E}.Debug|Win32.Build.0 = Debug|Win32
		{0D4D5D75-382C-333B-A0DB-2C45D685CA8E}.Release|Win32.ActiveCfg = Release|Win32
		{0D4D5D75-382C-333B-A0DB-2C45D685CA8E}.Release|Win32.Build.0 = Release|Win32
		{992F85C6-1102-32DD-A796-C5EDD9A4940E}.Debug|Win32.ActiveCfg = Debug|Win32
		{992F85C6-1102-32DD-A796-C5EDD9A4940E}.Debug|Win32.Build.0 = Debug|Win32
		{992F85C6-1102-32DD-A796-C5EDD9A4940E}.Release|Win32.ActiveCfg = Release|Win32
		{992F85C6-1102-32DD-A796-C5EDD9A4940E}.Release|Win32.Build.0 = Release|Win32
		{DAB840FF-DFC8-3EE5-A580-F8B33F26AC9D}.Debug|Win32.ActiveCfg = Debug|Win32
		{DAB840FF-DFC8-3EE5-A580-F8B33F26AC9D}.Debug|Win32.Build.0 = Debug|Win32
		{DAB840FF-DFC8-3EE5-A580-F8B33F26AC9D}.Release|Win32.ActiveCfg = Release|Win32
		{DAB840FF-DFC8-3EE5-A580-F8B33F26AC9D}.Release|Win32.Build.0 = Release|Win32
		{3293B9B2-78C2-3B6D-991F-C27A9EE51DB2}.Debug|Win32.ActiveCfg = Debug|Win32
		{3293B9B2-78C2-3B6D-991F-C27A9EE51DB2}.Debug|Win32.Build.0 = Debug|Win32
		{3293B9B2-78C2-3B6D-991F-C27A9EE51DB2}.Release|Win32.ActiveCfg = Release|Win32
		{3293B9B2-78C2-3B6D-991F-C27A9EE51DB2}.Release|Win32.Build.0 = Release|Win32
		{4ACE8B4A-99D7-3AAE-B236-3B7814BCDAF3}.Debug|Win32.ActiveCfg = Debug|Win32
		{4ACE8B4A-99D7-3AAE-B236-3B7814BCDAF3}.Debug|Win32.Build.0 = Debug|Win32
		{4ACE8B4A-99D7-3AAE-B236-3B7814BCDAF3}.Release|Win32.ActiveCfg = Release|Win32
		{4ACE8B4A-99D7-3AAE-B236-3B7814BCDAF3}.Release|Win32.Build.0 = Release|Win32
		{6A067896-CF73-3255-B4F9-DB166146628D}.Debug|Win32.ActiveCfg = Debug|Win32
		{6A067896-CF73-3255-B4F9-DB166146628D}.Debug|Win32.Build.0 = Debug|Win32
		{6A067896-CF73-3255-B4F9-DB166146628D}.Release|Win32.ActiveCfg = Release|Win32
		{6A067896-CF73-3255-B4F9-DB166146628D}.Release|Win32.Build.0 = Release|Win32
		{DCF47068-8FDF-3227-BC3E-FA6930156EB9}.Debug|Win32.ActiveCfg = Debug|Win32
		{DCF47068-8FDF-3227-BC3E-FA6930156EB9}.Debug|Win32.Build.0 = Debug|Win32
		{DCF47068-8FDF-3227-BC3E-FA6930156EB9}.Release|Win32.ActiveCfg = Release|Win32
		{DCF47068-8FDF-3227-BC3E-FA6930156EB9}.Release|Win32.Build.0 = Release|Win32
		{EB88C770-BC6B-308B-85D1-37E8BEAB83A3}.Debug|Win32.ActiveCfg = Debug|Win32
		{EB88C770-BC6B-308B-85D1-37E8BEAB83A3}.Debug|Win32.Build.0 = Debug|Win32
		{EB88C770-BC6B-308B-85D1-37E8BEAB83A3}.Release|Win32.ActiveCfg = Release|Win32
		{EB88C770-BC6B-308B-85D1-37E8BEAB83A3}.Release|Win32.Build.0 = Release|Win32
		{6264D059-0310-368A-893F-ABA0991F6F6B}.Debug|Win32.ActiveCfg = Debug|Win32
		{6264D059-0310-368A-893F-ABA0991F6F6B}.Debug|Win32.Build.0 = Debug|Win32
		{6264D059-0310-368A-893F-ABA0991F6F6B}.Release|Win32.ActiveCfg = Release|Win32
		{6264D059-0310-368A-893F-ABA0991F6F6B}.Release|Win32.Build.0 = Release|Win32
		{F5B246DC-97BF-3FE0-9308-5314C336EEF6}.Debug|Win32.ActiveCfg = Debug|Win32
		{F5B246DC-97BF-3FE0-9308-5314C336EEF6}.Debug|Win32.Build.0 = Debug|Win32
		{F5B246DC-97BF-3FE0-9308-5314C336EEF6}.Release|Win32.ActiveCfg = Release|Win32
		{F5B246DC-97BF-3FE0-9308-5314C336EEF6}.Release|Win32.Build.0 = Release|Win32
		{31EED072-74E3-31D7-9623-144E9556FD04}.Debug|Win32.ActiveCfg = Debug|Win32
		{31EED072-74E3-31D7-9623-144E9556FD04}.Debug|Win32.Build.0 = Debug|Win32
		{31EED072-74E3-31D7-9623-144E9556FD04}.Release|Win32.ActiveCfg = Release|Win32
		{31EED072-74E3-31D7-9623-144E9556FD04}.Release|Win32.Build.0 = Release|Win32
		{B1076B5F-ABA3-3608-B813-2C30DB443F1B}.Debug|Win32.ActiveCfg = Debug|Win32
		{B1076B5F-ABA3-3608-B813-2C30DB443F1B}.Debug|Win32.Build.0 = Debug|Win32
		{B1076B5F-ABA3-3608-B813-2C30DB443F1B}.Release|Win32.ActiveCfg = Release|Win32
		{B1076B5F-ABA3-3608-B813-2C30DB443F1B}.Release|Win32.Build.0 = Release|Win32
		{222AA649-DE28-3E5F-AB6F-D9E02B3DBAF8}.Debug|Win32.ActiveCfg = Debug|Win32
		{222AA649-DE28-3E5F-AB6F-D9E02B3DBAF8}.Debug|Win32.Build.0 = Debug|Win32
		{222AA649-DE28-3E5F-AB6F-D9E02B3DBAF8}.Release|Win32.ActiveCfg = Release|Win32
		{222AA649-DE28-3E5F-AB6F-D9E02B3DBAF8}.Release|Win32.Build.0 = Release|Win32
		{28FEC771-3123-3B60-B2A1-531B140CD991}.Debug|Win32.ActiveCfg = Debug|Win32
		{28FEC771-3123-3B60-B2A1-531B140CD991}.Debug|Win32.Build.0 = Debug|Win32
		{28FEC771-3123-3B60-B2A1-531B140CD991}.Release|Win32.ActiveCfg = Release|Win32
		{28FEC771-3123-3B60-B2A1-531B140CD991}.Release|Win32.Build.0 = Release|Win32
	EndGlobalSection
	GlobalSection(ExtensibilityGlobals) = postSolution
	EndGlobalSection
	GlobalSection(ExtensibilityAddIns) = postSolution
	EndGlobalSection
EndGlobal